# THIS IS AN AUTOGENERATED FILE. DO NOT EDIT THIS FILE DIRECTLY.
# yarn lockfile v1


dotenv@^17.1.0:
  version "17.1.0"
  resolved "https://registry.yarnpkg.com/dotenv/-/dotenv-17.1.0.tgz#164fa6ac1392165f5e2d8eb55296b0894e7d6a22"
  integrity sha512-tG9VUTJTuju6GcXgbdsOuRhupE8cb4mRgY5JLRCh4MtGoVo3/gfGUtOMwmProM6d0ba2mCFvv+WrpYJV6qgJXQ==

nvp-json@^1.1.2:
  version "1.1.2"
  resolved "https://registry.yarnpkg.com/nvp-json/-/nvp-json-1.1.2.tgz#31f8a43acf2579c89add8accbae5c084aa0bde57"
  integrity sha512-CuEP8raoMZDKl0Er02HQNDOeq66wICzb5jmHYPrJS0BtNx7W0bAkxAMCMdslJzk1NHQwrZeFFu8H39ONpye+CA==
